// !$*UTF8*$!
{
	archiveVersion = 1;
	classes = {
	};
	objectVersion = 55;
	objects = {

/* Begin PBXBuildFile section */
		F2A2A65B27FD7953001C4EF8 /* EditTimeboxView.swift in Sources */ = {isa = PBXBuildFile; fileRef = F2A2A65A27FD7953001C4EF8 /* EditTimeboxView.swift */; };
		F2A2A66027FD9067001C4EF8 /* Timebox.swift in Sources */ = {isa = PBXBuildFile; fileRef = F2A2A65F27FD9067001C4EF8 /* Timebox.swift */; };
		F2A2A68627FDC6BF001C4EF8 /* SaveData.swift in Sources */ = {isa = PBXBuildFile; fileRef = F2A2A68527FDC6BF001C4EF8 /* SaveData.swift */; };
		F2C6A3B027FB322700690472 /* TimeboxerAppApp.swift in Sources */ = {isa = PBXBuildFile; fileRef = F2C6A3AF27FB322700690472 /* TimeboxerAppApp.swift */; };
		F2C6A3B227FB322700690472 /* ContentView.swift in Sources */ = {isa = PBXBuildFile; fileRef = F2C6A3B127FB322700690472 /* ContentView.swift */; };
		F2C6A3B427FB322800690472 /* Assets.xcassets in Resources */ = {isa = PBXBuildFile; fileRef = F2C6A3B327FB322800690472 /* Assets.xcassets */; };
		F2C6A3B727FB322800690472 /* Preview Assets.xcassets in Resources */ = {isa = PBXBuildFile; fileRef = F2C6A3B627FB322800690472 /* Preview Assets.xcassets */; };
		F2C6A3BF27FB324200690472 /* AddTimeboxView.swift in Sources */ = {isa = PBXBuildFile; fileRef = F2C6A3BE27FB324200690472 /* AddTimeboxView.swift */; };
		F2F6BF3F27FE943100D3B2E2 /* TimeboxCardListView.swift in Sources */ = {isa = PBXBuildFile; fileRef = F2F6BF3E27FE943100D3B2E2 /* TimeboxCardListView.swift */; };
		F2F6BF4427FEA6E200D3B2E2 /* DeleteData.swift in Sources */ = {isa = PBXBuildFile; fileRef = F2F6BF4327FEA6E200D3B2E2 /* DeleteData.swift */; };
		F2F6BF4627FEAA1C00D3B2E2 /* WelcomeView.swift in Sources */ = {isa = PBXBuildFile; fileRef = F2F6BF4527FEAA1C00D3B2E2 /* WelcomeView.swift */; };
		F2F6BF4827FEAB2A00D3B2E2 /* IntroNameView.swift in Sources */ = {isa = PBXBuildFile; fileRef = F2F6BF4727FEAB2A00D3B2E2 /* IntroNameView.swift */; };
		F2F6BF4A27FF0A1300D3B2E2 /* TimeboxData.swift in Sources */ = {isa = PBXBuildFile; fileRef = F2F6BF4927FF0A1300D3B2E2 /* TimeboxData.swift */; };
		F2F6BF4D27FF117D00D3B2E2 /* ExtractTime.swift in Sources */ = {isa = PBXBuildFile; fileRef = F2F6BF4C27FF117D00D3B2E2 /* ExtractTime.swift */; };
		F2F6BF4F27FF18C100D3B2E2 /* EditData.swift in Sources */ = {isa = PBXBuildFile; fileRef = F2F6BF4E27FF18C100D3B2E2 /* EditData.swift */; };
		F2FE4DE227FBEBC200D280D8 /* NewTimeboxView.swift in Sources */ = {isa = PBXBuildFile; fileRef = F2FE4DE127FBEBC200D280D8 /* NewTimeboxView.swift */; };
		F2FE4DE827FC3E4600D280D8 /* MuteReminderView.swift in Sources */ = {isa = PBXBuildFile; fileRef = F2FE4DE727FC3E4600D280D8 /* MuteReminderView.swift */; };
/* End PBXBuildFile section */

/* Begin PBXFileReference section */
		F2A2A65A27FD7953001C4EF8 /* EditTimeboxView.swift */ = {isa = PBXFileReference; lastKnownFileType = sourcecode.swift; path = EditTimeboxView.swift; sourceTree = "<group>"; };
		F2A2A65F27FD9067001C4EF8 /* Timebox.swift */ = {isa = PBXFileReference; lastKnownFileType = sourcecode.swift; path = Timebox.swift; sourceTree = "<group>"; };
		F2A2A68527FDC6BF001C4EF8 /* SaveData.swift */ = {isa = PBXFileReference; lastKnownFileType = sourcecode.swift; path = SaveData.swift; sourceTree = "<group>"; };
		F2C6A3AC27FB322700690472 /* TimeboxerApp.app */ = {isa = PBXFileReference; explicitFileType = wrapper.application; includeInIndex = 0; path = TimeboxerApp.app; sourceTree = BUILT_PRODUCTS_DIR; };
		F2C6A3AF27FB322700690472 /* TimeboxerAppApp.swift */ = {isa = PBXFileReference; lastKnownFileType = sourcecode.swift; path = TimeboxerAppApp.swift; sourceTree = "<group>"; };
		F2C6A3B127FB322700690472 /* ContentView.swift */ = {isa = PBXFileReference; lastKnownFileType = sourcecode.swift; path = ContentView.swift; sourceTree = "<group>"; };
		F2C6A3B327FB322800690472 /* Assets.xcassets */ = {isa = PBXFileReference; lastKnownFileType = folder.assetcatalog; path = Assets.xcassets; sourceTree = "<group>"; };
		F2C6A3B627FB322800690472 /* Preview Assets.xcassets */ = {isa = PBXFileReference; lastKnownFileType = folder.assetcatalog; path = "Preview Assets.xcassets"; sourceTree = "<group>"; };
		F2C6A3BE27FB324200690472 /* AddTimeboxView.swift */ = {isa = PBXFileReference; lastKnownFileType = sourcecode.swift; path = AddTimeboxView.swift; sourceTree = "<group>"; };
		F2F6BF3E27FE943100D3B2E2 /* TimeboxCardListView.swift */ = {isa = PBXFileReference; lastKnownFileType = sourcecode.swift; path = TimeboxCardListView.swift; sourceTree = "<group>"; };
		F2F6BF4327FEA6E200D3B2E2 /* DeleteData.swift */ = {isa = PBXFileReference; lastKnownFileType = sourcecode.swift; path = DeleteData.swift; sourceTree = "<group>"; };
		F2F6BF4527FEAA1C00D3B2E2 /* WelcomeView.swift */ = {isa = PBXFileReference; lastKnownFileType = sourcecode.swift; path = WelcomeView.swift; sourceTree = "<group>"; };
		F2F6BF4727FEAB2A00D3B2E2 /* IntroNameView.swift */ = {isa = PBXFileReference; lastKnownFileType = sourcecode.swift; path = IntroNameView.swift; sourceTree = "<group>"; };
		F2F6BF4927FF0A1300D3B2E2 /* TimeboxData.swift */ = {isa = PBXFileReference; lastKnownFileType = sourcecode.swift; path = TimeboxData.swift; sourceTree = "<group>"; };
		F2F6BF4C27FF117D00D3B2E2 /* ExtractTime.swift */ = {isa = PBXFileReference; lastKnownFileType = sourcecode.swift; path = ExtractTime.swift; sourceTree = "<group>"; };
		F2F6BF4E27FF18C100D3B2E2 /* EditData.swift */ = {isa = PBXFileReference; lastKnownFileType = sourcecode.swift; path = EditData.swift; sourceTree = "<group>"; };
		F2FE4DE127FBEBC200D280D8 /* NewTimeboxView.swift */ = {isa = PBXFileReference; lastKnownFileType = sourcecode.swift; path = NewTimeboxView.swift; sourceTree = "<group>"; };
		F2FE4DE727FC3E4600D280D8 /* MuteReminderView.swift */ = {isa = PBXFileReference; lastKnownFileType = sourcecode.swift; path = MuteReminderView.swift; sourceTree = "<group>"; };
/* End PBXFileReference section */

/* Begin PBXFrameworksBuildPhase section */
		F2C6A3A927FB322700690472 /* Frameworks */ = {
			isa = PBXFrameworksBuildPhase;
			buildActionMask = 2147483647;
			files = (
			);
			runOnlyForDeploymentPostprocessing = 0;
		};
/* End PBXFrameworksBuildPhase section */

/* Begin PBXGroup section */
		F2A2A65E27FD9055001C4EF8 /* Models */ = {
			isa = PBXGroup;
			children = (
				F2A2A65F27FD9067001C4EF8 /* Timebox.swift */,
			);
			path = Models;
			sourceTree = "<group>";
		};
		F2A2A66127FD96D8001C4EF8 /* DataStorage */ = {
			isa = PBXGroup;
			children = (
				F2F6BF4927FF0A1300D3B2E2 /* TimeboxData.swift */,
			);
			path = DataStorage;
			sourceTree = "<group>";
		};
		F2A2A68427FDC6AD001C4EF8 /* Functions */ = {
			isa = PBXGroup;
			children = (
				F2A2A68527FDC6BF001C4EF8 /* SaveData.swift */,
				F2F6BF4327FEA6E200D3B2E2 /* DeleteData.swift */,
				F2F6BF4C27FF117D00D3B2E2 /* ExtractTime.swift */,
				F2F6BF4E27FF18C100D3B2E2 /* EditData.swift */,
			);
			path = Functions;
			sourceTree = "<group>";
		};
		F2C6A3A327FB322700690472 = {
			isa = PBXGroup;
			children = (
				F2C6A3AE27FB322700690472 /* TimeboxerApp */,
				F2C6A3AD27FB322700690472 /* Products */,
			);
			sourceTree = "<group>";
		};
		F2C6A3AD27FB322700690472 /* Products */ = {
			isa = PBXGroup;
			children = (
				F2C6A3AC27FB322700690472 /* TimeboxerApp.app */,
			);
			name = Products;
			sourceTree = "<group>";
		};
		F2C6A3AE27FB322700690472 /* TimeboxerApp */ = {
			isa = PBXGroup;
			children = (
				F2F6BF4027FEA64A00D3B2E2 /* Subview */,
				F2A2A68427FDC6AD001C4EF8 /* Functions */,
				F2A2A66127FD96D8001C4EF8 /* DataStorage */,
				F2A2A65E27FD9055001C4EF8 /* Models */,
				F2C6A3BD27FB323400690472 /* Views */,
				F2C6A3AF27FB322700690472 /* TimeboxerAppApp.swift */,
				F2C6A3B127FB322700690472 /* ContentView.swift */,
				F2C6A3B327FB322800690472 /* Assets.xcassets */,
				F2C6A3B527FB322800690472 /* Preview Content */,
			);
			path = TimeboxerApp;
			sourceTree = "<group>";
		};
		F2C6A3B527FB322800690472 /* Preview Content */ = {
			isa = PBXGroup;
			children = (
				F2C6A3B627FB322800690472 /* Preview Assets.xcassets */,
			);
			path = "Preview Content";
			sourceTree = "<group>";
		};
		F2C6A3BD27FB323400690472 /* Views */ = {
			isa = PBXGroup;
			children = (
				F2FE4DE127FBEBC200D280D8 /* NewTimeboxView.swift */,
				F2FE4DE727FC3E4600D280D8 /* MuteReminderView.swift */,
				F2F6BF4527FEAA1C00D3B2E2 /* WelcomeView.swift */,
				F2F6BF4727FEAB2A00D3B2E2 /* IntroNameView.swift */,
			);
			path = Views;
			sourceTree = "<group>";
		};
		F2F6BF4027FEA64A00D3B2E2 /* Subview */ = {
			isa = PBXGroup;
			children = (
				F2A2A65A27FD7953001C4EF8 /* EditTimeboxView.swift */,
				F2C6A3BE27FB324200690472 /* AddTimeboxView.swift */,
				F2F6BF3E27FE943100D3B2E2 /* TimeboxCardListView.swift */,
			);
			path = Subview;
			sourceTree = "<group>";
		};
/* End PBXGroup section */

/* Begin PBXNativeTarget section */
		F2C6A3AB27FB322700690472 /* TimeboxerApp */ = {
			isa = PBXNativeTarget;
			buildConfigurationList = F2C6A3BA27FB322800690472 /* Build configuration list for PBXNativeTarget "TimeboxerApp" */;
			buildPhases = (
				F2C6A3A827FB322700690472 /* Sources */,
				F2C6A3A927FB322700690472 /* Frameworks */,
				F2C6A3AA27FB322700690472 /* Resources */,
			);
			buildRules = (
			);
			dependencies = (
			);
			name = TimeboxerApp;
			productName = TimeboxerApp;
			productReference = F2C6A3AC27FB322700690472 /* TimeboxerApp.app */;
			productType = "com.apple.product-type.application";
		};
/* End PBXNativeTarget section */

/* Begin PBXProject section */
		F2C6A3A427FB322700690472 /* Project object */ = {
			isa = PBXProject;
			attributes = {
				BuildIndependentTargetsInParallel = 1;
				LastSwiftUpdateCheck = 1330;
				LastUpgradeCheck = 1330;
				TargetAttributes = {
					F2C6A3AB27FB322700690472 = {
						CreatedOnToolsVersion = 13.3;
					};
				};
			};
			buildConfigurationList = F2C6A3A727FB322700690472 /* Build configuration list for PBXProject "TimeboxerApp" */;
			compatibilityVersion = "Xcode 13.0";
			developmentRegion = en;
			hasScannedForEncodings = 0;
			knownRegions = (
				en,
				Base,
			);
			mainGroup = F2C6A3A327FB322700690472;
			productRefGroup = F2C6A3AD27FB322700690472 /* Products */;
			projectDirPath = "";
			projectRoot = "";
			targets = (
				F2C6A3AB27FB322700690472 /* TimeboxerApp */,
			);
		};
/* End PBXProject section */

/* Begin PBXResourcesBuildPhase section */
		F2C6A3AA27FB322700690472 /* Resources */ = {
			isa = PBXResourcesBuildPhase;
			buildActionMask = 2147483647;
			files = (
				F2C6A3B727FB322800690472 /* Preview Assets.xcassets in Resources */,
				F2C6A3B427FB322800690472 /* Assets.xcassets in Resources */,
			);
			runOnlyForDeploymentPostprocessing = 0;
		};
/* End PBXResourcesBuildPhase section */

/* Begin PBXSourcesBuildPhase section */
		F2C6A3A827FB322700690472 /* Sources */ = {
			isa = PBXSourcesBuildPhase;
			buildActionMask = 2147483647;
			files = (
				F2F6BF4D27FF117D00D3B2E2 /* ExtractTime.swift in Sources */,
				F2C6A3B227FB322700690472 /* ContentView.swift in Sources */,
				F2F6BF4427FEA6E200D3B2E2 /* DeleteData.swift in Sources */,
				F2FE4DE227FBEBC200D280D8 /* NewTimeboxView.swift in Sources */,
				F2F6BF3F27FE943100D3B2E2 /* TimeboxCardListView.swift in Sources */,
				F2C6A3BF27FB324200690472 /* AddTimeboxView.swift in Sources */,
				F2A2A66027FD9067001C4EF8 /* Timebox.swift in Sources */,
				F2F6BF4627FEAA1C00D3B2E2 /* WelcomeView.swift in Sources */,
				F2F6BF4F27FF18C100D3B2E2 /* EditData.swift in Sources */,
				F2A2A68627FDC6BF001C4EF8 /* SaveData.swift in Sources */,
				F2F6BF4827FEAB2A00D3B2E2 /* IntroNameView.swift in Sources */,
				F2C6A3B027FB322700690472 /* TimeboxerAppApp.swift in Sources */,
				F2A2A65B27FD7953001C4EF8 /* EditTimeboxView.swift in Sources */,
				F2F6BF4A27FF0A1300D3B2E2 /* TimeboxData.swift in Sources */,
				F2FE4DE827FC3E4600D280D8 /* MuteReminderView.swift in Sources */,
			);
			runOnlyForDeploymentPostprocessing = 0;
		};
/* End PBXSourcesBuildPhase section */

/* Begin XCBuildConfiguration section */
		F2C6A3B827FB322800690472 /* Debug */ = {
			isa = XCBuildConfiguration;
			buildSettings = {
				ALWAYS_SEARCH_USER_PATHS = NO;
				CLANG_ANALYZER_NONNULL = YES;
				CLANG_ANALYZER_NUMBER_OBJECT_CONVERSION = YES_AGGRESSIVE;
				CLANG_CXX_LANGUAGE_STANDARD = "gnu++17";
				CLANG_ENABLE_MODULES = YES;
				CLANG_ENABLE_OBJC_ARC = YES;
				CLANG_ENABLE_OBJC_WEAK = YES;
				CLANG_WARN_BLOCK_CAPTURE_AUTORELEASING = YES;
				CLANG_WARN_BOOL_CONVERSION = YES;
				CLANG_WARN_COMMA = YES;
				CLANG_WARN_CONSTANT_CONVERSION = YES;
				CLANG_WARN_DEPRECATED_OBJC_IMPLEMENTATIONS = YES;
				CLANG_WARN_DIRECT_OBJC_ISA_USAGE = YES_ERROR;
				CLANG_WARN_DOCUMENTATION_COMMENTS = YES;
				CLANG_WARN_EMPTY_BODY = YES;
				CLANG_WARN_ENUM_CONVERSION = YES;
				CLANG_WARN_INFINITE_RECURSION = YES;
				CLANG_WARN_INT_CONVERSION = YES;
				CLANG_WARN_NON_LITERAL_NULL_CONVERSION = YES;
				CLANG_WARN_OBJC_IMPLICIT_RETAIN_SELF = YES;
				CLANG_WARN_OBJC_LITERAL_CONVERSION = YES;
				CLANG_WARN_OBJC_ROOT_CLASS = YES_ERROR;
				CLANG_WARN_QUOTED_INCLUDE_IN_FRAMEWORK_HEADER = YES;
				CLANG_WARN_RANGE_LOOP_ANALYSIS = YES;
				CLANG_WARN_STRICT_PROTOTYPES = YES;
				CLANG_WARN_SUSPICIOUS_MOVE = YES;
				CLANG_WARN_UNGUARDED_AVAILABILITY = YES_AGGRESSIVE;
				CLANG_WARN_UNREACHABLE_CODE = YES;
				CLANG_WARN__DUPLICATE_METHOD_MATCH = YES;
				COPY_PHASE_STRIP = NO;
				DEBUG_INFORMATION_FORMAT = dwarf;
				ENABLE_STRICT_OBJC_MSGSEND = YES;
				ENABLE_TESTABILITY = YES;
				GCC_C_LANGUAGE_STANDARD = gnu11;
				GCC_DYNAMIC_NO_PIC = NO;
				GCC_NO_COMMON_BLOCKS = YES;
				GCC_OPTIMIZATION_LEVEL = 0;
				GCC_PREPROCESSOR_DEFINITIONS = (
					"DEBUG=1",
					"$(inherited)",
				);
				GCC_WARN_64_TO_32_BIT_CONVERSION = YES;
				GCC_WARN_ABOUT_RETURN_TYPE = YES_ERROR;
				GCC_WARN_UNDECLARED_SELECTOR = YES;
				GCC_WARN_UNINITIALIZED_AUTOS = YES_AGGRESSIVE;
				GCC_WARN_UNUSED_FUNCTION = YES;
				GCC_WARN_UNUSED_VARIABLE = YES;
				IPHONEOS_DEPLOYMENT_TARGET = 15.4;
				MTL_ENABLE_DEBUG_INFO = INCLUDE_SOURCE;
				MTL_FAST_MATH = YES;
				ONLY_ACTIVE_ARCH = YES;
				SDKROOT = iphoneos;
				SWIFT_ACTIVE_COMPILATION_CONDITIONS = DEBUG;
				SWIFT_OPTIMIZATION_LEVEL = "-Onone";
			};
			name = Debug;
		};
		F2C6A3B927FB322800690472 /* Release */ = {
			isa = XCBuildConfiguration;
			buildSettings = {
				ALWAYS_SEARCH_USER_PATHS = NO;
				CLANG_ANALYZER_NONNULL = YES;
				CLANG_ANALYZER_NUMBER_OBJECT_CONVERSION = YES_AGGRESSIVE;
				CLANG_CXX_LANGUAGE_STANDARD = "gnu++17";
				CLANG_ENABLE_MODULES = YES;
				CLANG_ENABLE_OBJC_ARC = YES;
				CLANG_ENABLE_OBJC_WEAK = YES;
				CLANG_WARN_BLOCK_CAPTURE_AUTORELEASING = YES;
				CLANG_WARN_BOOL_CONVERSION = YES;
				CLANG_WARN_COMMA = YES;
				CLANG_WARN_CONSTANT_CONVERSION = YES;
				CLANG_WARN_DEPRECATED_OBJC_IMPLEMENTATIONS = YES;
				CLANG_WARN_DIRECT_OBJC_ISA_USAGE = YES_ERROR;
				CLANG_WARN_DOCUMENTATION_COMMENTS = YES;
				CLANG_WARN_EMPTY_BODY = YES;
				CLANG_WARN_ENUM_CONVERSION = YES;
				CLANG_WARN_INFINITE_RECURSION = YES;
				CLANG_WARN_INT_CONVERSION = YES;
				CLANG_WARN_NON_LITERAL_NULL_CONVERSION = YES;
				CLANG_WARN_OBJC_IMPLICIT_RETAIN_SELF = YES;
				CLANG_WARN_OBJC_LITERAL_CONVERSION = YES;
				CLANG_WARN_OBJC_ROOT_CLASS = YES_ERROR;
				CLANG_WARN_QUOTED_INCLUDE_IN_FRAMEWORK_HEADER = YES;
				CLANG_WARN_RANGE_LOOP_ANALYSIS = YES;
				CLANG_WARN_STRICT_PROTOTYPES = YES;
				CLANG_WARN_SUSPICIOUS_MOVE = YES;
				CLANG_WARN_UNGUARDED_AVAILABILITY = YES_AGGRESSIVE;
				CLANG_WARN_UNREACHABLE_CODE = YES;
				CLANG_WARN__DUPLICATE_METHOD_MATCH = YES;
				COPY_PHASE_STRIP = NO;
				DEBUG_INFORMATION_FORMAT = "dwarf-with-dsym";
				ENABLE_NS_ASSERTIONS = NO;
				ENABLE_STRICT_OBJC_MSGSEND = YES;
				GCC_C_LANGUAGE_STANDARD = gnu11;
				GCC_NO_COMMON_BLOCKS = YES;
				GCC_WARN_64_TO_32_BIT_CONVERSION = YES;
				GCC_WARN_ABOUT_RETURN_TYPE = YES_ERROR;
				GCC_WARN_UNDECLARED_SELECTOR = YES;
				GCC_WARN_UNINITIALIZED_AUTOS = YES_AGGRESSIVE;
				GCC_WARN_UNUSED_FUNCTION = YES;
				GCC_WARN_UNUSED_VARIABLE = YES;
				IPHONEOS_DEPLOYMENT_TARGET = 15.4;
				MTL_ENABLE_DEBUG_INFO = NO;
				MTL_FAST_MATH = YES;
				SDKROOT = iphoneos;
				SWIFT_COMPILATION_MODE = wholemodule;
				SWIFT_OPTIMIZATION_LEVEL = "-O";
				VALIDATE_PRODUCT = YES;
			};
			name = Release;
		};
		F2C6A3BB27FB322800690472 /* Debug */ = {
			isa = XCBuildConfiguration;
			buildSettings = {
				ASSETCATALOG_COMPILER_APPICON_NAME = AppIcon;
				ASSETCATALOG_COMPILER_GLOBAL_ACCENT_COLOR_NAME = AccentColor;
				CODE_SIGN_STYLE = Automatic;
				CURRENT_PROJECT_VERSION = 1;
				DEVELOPMENT_ASSET_PATHS = "\"TimeboxerApp/Preview Content\"";
				ENABLE_PREVIEWS = YES;
				GENERATE_INFOPLIST_FILE = YES;
				INFOPLIST_KEY_UIApplicationSceneManifest_Generation = YES;
				INFOPLIST_KEY_UIApplicationSupportsIndirectInputEvents = YES;
				INFOPLIST_KEY_UILaunchScreen_Generation = YES;
				INFOPLIST_KEY_UISupportedInterfaceOrientations_iPad = "UIInterfaceOrientationPortrait UIInterfaceOrientationPortraitUpsideDown UIInterfaceOrientationLandscapeLeft UIInterfaceOrientationLandscapeRight";
				INFOPLIST_KEY_UISupportedInterfaceOrientations_iPhone = "UIInterfaceOrientationPortrait UIInterfaceOrientationLandscapeLeft UIInterfaceOrientationLandscapeRight";
				LD_RUNPATH_SEARCH_PATHS = (
					"$(inherited)",
					"@executable_path/Frameworks",
				);
				MARKETING_VERSION = 1.0;
				PRODUCT_BUNDLE_IDENTIFIER = com.example.TimeboxerApp;
				PRODUCT_NAME = "$(TARGET_NAME)";
				SWIFT_EMIT_LOC_STRINGS = YES;
				SWIFT_VERSION = 5.0;
				TARGETED_DEVICE_FAMILY = "1,2";
			};
			name = Debug;
		};
		F2C6A3BC27FB322800690472 /* Release */ = {
			isa = XCBuildConfiguration;
			buildSettings = {
				ASSETCATALOG_COMPILER_APPICON_NAME = AppIcon;
				ASSETCATALOG_COMPILER_GLOBAL_ACCENT_COLOR_NAME = AccentColor;
				CODE_SIGN_STYLE = Automatic;
				CURRENT_PROJECT_VERSION = 1;
				DEVELOPMENT_ASSET_PATHS = "\"TimeboxerApp/Preview Content\"";
				ENABLE_PREVIEWS = YES;
				GENERATE_INFOPLIST_FILE = YES;
				INFOPLIST_KEY_UIApplicationSceneManifest_Generation = YES;
				INFOPLIST_KEY_UIApplicationSupportsIndirectInputEvents = YES;
				INFOPLIST_KEY_UILaunchScreen_Generation = YES;
				INFOPLIST_KEY_UISupportedInterfaceOrientations_iPad = "UIInterfaceOrientationPortrait UIInterfaceOrientationPortraitUpsideDown UIInterfaceOrientationLandscapeLeft UIInterfaceOrientationLandscapeRight";
				INFOPLIST_KEY_UISupportedInterfaceOrientations_iPhone = "UIInterfaceOrientationPortrait UIInterfaceOrientationLandscapeLeft UIInterfaceOrientationLandscapeRight";
				LD_RUNPATH_SEARCH_PATHS = (
					"$(inherited)",
					"@executable_path/Frameworks",
				);
				MARKETING_VERSION = 1.0;
				PRODUCT_BUNDLE_IDENTIFIER = com.example.TimeboxerApp;
				PRODUCT_NAME = "$(TARGET_NAME)";
				SWIFT_EMIT_LOC_STRINGS = YES;
				SWIFT_VERSION = 5.0;
				TARGETED_DEVICE_FAMILY = "1,2";
			};
			name = Release;
		};
/* End XCBuildConfiguration section */

/* Begin XCConfigurationList section */
		F2C6A3A727FB322700690472 /* Build configuration list for PBXProject "TimeboxerApp" */ = {
			isa = XCConfigurationList;
			buildConfigurations = (
				F2C6A3B827FB322800690472 /* Debug */,
				F2C6A3B927FB322800690472 /* Release */,
			);
			defaultConfigurationIsVisible = 0;
			defaultConfigurationName = Release;
		};
		F2C6A3BA27FB322800690472 /* Build configuration list for PBXNativeTarget "TimeboxerApp" */ = {
			isa = XCConfigurationList;
			buildConfigurations = (
				F2C6A3BB27FB322800690472 /* Debug */,
				F2C6A3BC27FB322800690472 /* Release */,
			);
			defaultConfigurationIsVisible = 0;
			defaultConfigurationName = Release;
		};
/* End XCConfigurationList section */
	};
	rootObject = F2C6A3A427FB322700690472 /* Project object */;
}
